
Microsoft Visual Studio Solution File, Format Version 12.00
# Visual Studio 14
VisualStudioVersion = 14.0.23107.0
MinimumVisualStudioVersion = 10.0.40219.1
Project("{FAE04EC0-301F-11D3-BF4B-00C04F79EFBC}") = "ECNG_FaceRecognition", "ECNG_FaceRecognition\ECNG_FaceRecognition.csproj", "{8035F8AC-C6D7-47D7-B285-BB4A4474F29A}"
EndProject
Global
	GlobalSection(SolutionConfigurationPlatforms) = preSolution
		Debug|Any CPU = Debug|Any CPU
		Release|Any CPU = Release|Any CPU
	EndGlobalSection
	GlobalSection(ProjectConfigurationPlatforms) = postSolution
		{8035F8AC-C6D7-47D7-B285-BB4A4474F29A}.Debug|Any CPU.ActiveCfg = Debug|Any CPU
		{8035F8AC-C6D7-47D7-B285-BB4A4474F29A}.Debug|Any CPU.Build.0 = Debug|Any CPU
		{8035F8AC-C6D7-47D7-B285-BB4A4474F29A}.Release|Any CPU.ActiveCfg = Release|Any CPU
		{8035F8AC-C6D7-47D7-B285-BB4A4474F29A}.Release|Any CPU.Build.0 = Release|Any CPU
	EndGlobalSection
	GlobalSection(SolutionProperties) = preSolution
		HideSolutionNode = FALSE
	EndGlobalSection
EndGlobal
